{
  "pins" : [
    {
      "identity" : "alamofire",
      "kind" : "remoteSourceControl",
      "location" : "https://github.com/Alamofire/Alamofire.git",
      "state" : {
        "revision" : "3dc6a42c7727c49bf26508e29b0a0b35f9c7e1ad",
        "version" : "5.8.1"
      }
    },
    {
      "identity" : "sora",
      "kind" : "remoteSourceControl",
      "location" : "https://github.com/Mercen-Lee/Sora",
      "state" : {
        "branch" : "main",
        "revision" : "9b850510fafb4cb8405ba296a2dd3224a39816e0"
      }
    }
  ],
  "version" : 2
}
