// !$*UTF8*$!
{
	archiveVersion = 1;
	classes = {
	};
	objectVersion = 56;
	objects = {

/* Begin PBXBuildFile section */
		931A3C222B6452F20029A082 /* AppMain.swift in Sources */ = {isa = PBXBuildFile; fileRef = 931A3C212B6452F20029A082 /* AppMain.swift */; };
		931A3C262B6452F30029A082 /* Assets.xcassets in Resources */ = {isa = PBXBuildFile; fileRef = 931A3C252B6452F30029A082 /* Assets.xcassets */; };
		931A3C312B64534A0029A082 /* Sora in Frameworks */ = {isa = PBXBuildFile; productRef = 931A3C302B64534A0029A082 /* Sora */; };
		931A3C382B6454440029A082 /* MainView.swift in Sources */ = {isa = PBXBuildFile; fileRef = 931A3C372B6454440029A082 /* MainView.swift */; };
		931A3C3B2B64545B0029A082 /* MainViewModel.swift in Sources */ = {isa = PBXBuildFile; fileRef = 931A3C3A2B64545B0029A082 /* MainViewModel.swift */; };
		931A3C3D2B6454AE0029A082 /* ReqresService.swift in Sources */ = {isa = PBXBuildFile; fileRef = 931A3C3C2B6454AE0029A082 /* ReqresService.swift */; };
		931A3C402B64556E0029A082 /* FetchUserList.swift in Sources */ = {isa = PBXBuildFile; fileRef = 931A3C3F2B64556E0029A082 /* FetchUserList.swift */; };
		931A3C422B6455780029A082 /* CreateUser.swift in Sources */ = {isa = PBXBuildFile; fileRef = 931A3C412B6455780029A082 /* CreateUser.swift */; };
		931A3C442B64559F0029A082 /* UpdateUser.swift in Sources */ = {isa = PBXBuildFile; fileRef = 931A3C432B64559F0029A082 /* UpdateUser.swift */; };
		931A3C462B6455A70029A082 /* RemoveUser.swift in Sources */ = {isa = PBXBuildFile; fileRef = 931A3C452B6455A70029A082 /* RemoveUser.swift */; };
		931A3C492B6456F00029A082 /* User.swift in Sources */ = {isa = PBXBuildFile; fileRef = 931A3C482B6456F00029A082 /* User.swift */; };
/* End PBXBuildFile section */

/* Begin PBXFileReference section */
		931A3C1E2B6452F20029A082 /* SoraExample.app */ = {isa = PBXFileReference; explicitFileType = wrapper.application; includeInIndex = 0; path = SoraExample.app; sourceTree = BUILT_PRODUCTS_DIR; };
		931A3C212B6452F20029A082 /* AppMain.swift */ = {isa = PBXFileReference; lastKnownFileType = sourcecode.swift; path = AppMain.swift; sourceTree = "<group>"; };
		931A3C252B6452F30029A082 /* Assets.xcassets */ = {isa = PBXFileReference; lastKnownFileType = folder.assetcatalog; path = Assets.xcassets; sourceTree = "<group>"; };
		931A3C372B6454440029A082 /* MainView.swift */ = {isa = PBXFileReference; lastKnownFileType = sourcecode.swift; path = MainView.swift; sourceTree = "<group>"; };
		931A3C3A2B64545B0029A082 /* MainViewModel.swift */ = {isa = PBXFileReference; lastKnownFileType = sourcecode.swift; path = MainViewModel.swift; sourceTree = "<group>"; };
		931A3C3C2B6454AE0029A082 /* ReqresService.swift */ = {isa = PBXFileReference; lastKnownFileType = sourcecode.swift; path = ReqresService.swift; sourceTree = "<group>"; };
		931A3C3F2B64556E0029A082 /* FetchUserList.swift */ = {isa = PBXFileReference; lastKnownFileType = sourcecode.swift; path = FetchUserList.swift; sourceTree = "<group>"; };
		931A3C412B6455780029A082 /* CreateUser.swift */ = {isa = PBXFileReference; lastKnownFileType = sourcecode.swift; path = CreateUser.swift; sourceTree = "<group>"; };
		931A3C432B64559F0029A082 /* UpdateUser.swift */ = {isa = PBXFileReference; lastKnownFileType = sourcecode.swift; path = UpdateUser.swift; sourceTree = "<group>"; };
		931A3C452B6455A70029A082 /* RemoveUser.swift */ = {isa = PBXFileReference; lastKnownFileType = sourcecode.swift; path = RemoveUser.swift; sourceTree = "<group>"; };
		931A3C482B6456F00029A082 /* User.swift */ = {isa = PBXFileReference; lastKnownFileType = sourcecode.swift; path = User.swift; sourceTree = "<group>"; };
		931A3C4A2B6462D90029A082 /* README.md */ = {isa = PBXFileReference; lastKnownFileType = net.daringfireball.markdown; path = README.md; sourceTree = "<group>"; };
/* End PBXFileReference section */

/* Begin PBXFrameworksBuildPhase section */
		931A3C1B2B6452F20029A082 /* Frameworks */ = {
			isa = PBXFrameworksBuildPhase;
			buildActionMask = 2147483647;
			files = (
				931A3C312B64534A0029A082 /* Sora in Frameworks */,
			);
			runOnlyForDeploymentPostprocessing = 0;
		};
/* End PBXFrameworksBuildPhase section */

/* Begin PBXGroup section */
		931A3C152B6452F20029A082 = {
			isa = PBXGroup;
			children = (
				931A3C4A2B6462D90029A082 /* README.md */,
				931A3C202B6452F20029A082 /* SoraExample */,
				931A3C1F2B6452F20029A082 /* Products */,
			);
			sourceTree = "<group>";
		};
		931A3C1F2B6452F20029A082 /* Products */ = {
			isa = PBXGroup;
			children = (
				931A3C1E2B6452F20029A082 /* SoraExample.app */,
			);
			name = Products;
			sourceTree = "<group>";
		};
		931A3C202B6452F20029A082 /* SoraExample */ = {
			isa = PBXGroup;
			children = (
				931A3C342B64540B0029A082 /* Resource */,
				931A3C352B64540F0029A082 /* Source */,
			);
			path = SoraExample;
			sourceTree = "<group>";
		};
		931A3C322B6454010029A082 /* Service */ = {
			isa = PBXGroup;
			children = (
				931A3C3C2B6454AE0029A082 /* ReqresService.swift */,
				931A3C3E2B64555B0029A082 /* User */,
			);
			path = Service;
			sourceTree = "<group>";
		};
		931A3C332B6454070029A082 /* Application */ = {
			isa = PBXGroup;
			children = (
				931A3C212B6452F20029A082 /* AppMain.swift */,
			);
			path = Application;
			sourceTree = "<group>";
		};
		931A3C342B64540B0029A082 /* Resource */ = {
			isa = PBXGroup;
			children = (
				931A3C252B6452F30029A082 /* Assets.xcassets */,
			);
			path = Resource;
			sourceTree = "<group>";
		};
		931A3C352B64540F0029A082 /* Source */ = {
			isa = PBXGroup;
			children = (
				931A3C332B6454070029A082 /* Application */,
				931A3C362B6454350029A082 /* Feature */,
				931A3C322B6454010029A082 /* Service */,
				931A3C472B6456E30029A082 /* Model */,
			);
			path = Source;
			sourceTree = "<group>";
		};
		931A3C362B6454350029A082 /* Feature */ = {
			isa = PBXGroup;
			children = (
				931A3C392B6454550029A082 /* Main */,
			);
			path = Feature;
			sourceTree = "<group>";
		};
		931A3C392B6454550029A082 /* Main */ = {
			isa = PBXGroup;
			children = (
				931A3C372B6454440029A082 /* MainView.swift */,
				931A3C3A2B64545B0029A082 /* MainViewModel.swift */,
			);
			path = Main;
			sourceTree = "<group>";
		};
		931A3C3E2B64555B0029A082 /* User */ = {
			isa = PBXGroup;
			children = (
				931A3C412B6455780029A082 /* CreateUser.swift */,
				931A3C3F2B64556E0029A082 /* FetchUserList.swift */,
				931A3C432B64559F0029A082 /* UpdateUser.swift */,
				931A3C452B6455A70029A082 /* RemoveUser.swift */,
			);
			path = User;
			sourceTree = "<group>";
		};
		931A3C472B6456E30029A082 /* Model */ = {
			isa = PBXGroup;
			children = (
				931A3C482B6456F00029A082 /* User.swift */,
			);
			path = Model;
			sourceTree = "<group>";
		};
/* End PBXGroup section */

/* Begin PBXNativeTarget section */
		931A3C1D2B6452F20029A082 /* SoraExample */ = {
			isa = PBXNativeTarget;
			buildConfigurationList = 931A3C2C2B6452F30029A082 /* Build configuration list for PBXNativeTarget "SoraExample" */;
			buildPhases = (
				931A3C1A2B6452F20029A082 /* Sources */,
				931A3C1B2B6452F20029A082 /* Frameworks */,
				931A3C1C2B6452F20029A082 /* Resources */,
			);
			buildRules = (
			);
			dependencies = (
			);
			name = SoraExample;
			packageProductDependencies = (
				931A3C302B64534A0029A082 /* Sora */,
			);
			productName = SoraExample;
			productReference = 931A3C1E2B6452F20029A082 /* SoraExample.app */;
			productType = "com.apple.product-type.application";
		};
/* End PBXNativeTarget section */

/* Begin PBXProject section */
		931A3C162B6452F20029A082 /* Project object */ = {
			isa = PBXProject;
			attributes = {
				BuildIndependentTargetsInParallel = 1;
				LastSwiftUpdateCheck = 1510;
				LastUpgradeCheck = 1510;
				TargetAttributes = {
					931A3C1D2B6452F20029A082 = {
						CreatedOnToolsVersion = 15.1;
					};
				};
			};
			buildConfigurationList = 931A3C192B6452F20029A082 /* Build configuration list for PBXProject "SoraExample" */;
			compatibilityVersion = "Xcode 14.0";
			developmentRegion = en;
			hasScannedForEncodings = 0;
			knownRegions = (
				en,
				Base,
			);
			mainGroup = 931A3C152B6452F20029A082;
			packageReferences = (
				931A3C2F2B64534A0029A082 /* XCRemoteSwiftPackageReference "Sora" */,
			);
			productRefGroup = 931A3C1F2B6452F20029A082 /* Products */;
			projectDirPath = "";
			projectRoot = "";
			targets = (
				931A3C1D2B6452F20029A082 /* SoraExample */,
			);
		};
/* End PBXProject section */

/* Begin PBXResourcesBuildPhase section */
		931A3C1C2B6452F20029A082 /* Resources */ = {
			isa = PBXResourcesBuildPhase;
			buildActionMask = 2147483647;
			files = (
				931A3C262B6452F30029A082 /* Assets.xcassets in Resources */,
			);
			runOnlyForDeploymentPostprocessing = 0;
		};
/* End PBXResourcesBuildPhase section */

/* Begin PBXSourcesBuildPhase section */
		931A3C1A2B6452F20029A082 /* Sources */ = {
			isa = PBXSourcesBuildPhase;
			buildActionMask = 2147483647;
			files = (
				931A3C442B64559F0029A082 /* UpdateUser.swift in Sources */,
				931A3C382B6454440029A082 /* MainView.swift in Sources */,
				931A3C3D2B6454AE0029A082 /* ReqresService.swift in Sources */,
				931A3C422B6455780029A082 /* CreateUser.swift in Sources */,
				931A3C222B6452F20029A082 /* AppMain.swift in Sources */,
				931A3C492B6456F00029A082 /* User.swift in Sources */,
				931A3C462B6455A70029A082 /* RemoveUser.swift in Sources */,
				931A3C3B2B64545B0029A082 /* MainViewModel.swift in Sources */,
				931A3C402B64556E0029A082 /* FetchUserList.swift in Sources */,
			);
			runOnlyForDeploymentPostprocessing = 0;
		};
/* End PBXSourcesBuildPhase section */

/* Begin XCBuildConfiguration section */
		931A3C2A2B6452F30029A082 /* Debug */ = {
			isa = XCBuildConfiguration;
			buildSettings = {
				ALWAYS_SEARCH_USER_PATHS = NO;
				ASSETCATALOG_COMPILER_GENERATE_SWIFT_ASSET_SYMBOL_EXTENSIONS = YES;
				CLANG_ANALYZER_NONNULL = YES;
				CLANG_ANALYZER_NUMBER_OBJECT_CONVERSION = YES_AGGRESSIVE;
				CLANG_CXX_LANGUAGE_STANDARD = "gnu++20";
				CLANG_ENABLE_MODULES = YES;
				CLANG_ENABLE_OBJC_ARC = YES;
				CLANG_ENABLE_OBJC_WEAK = YES;
				CLANG_WARN_BLOCK_CAPTURE_AUTORELEASING = YES;
				CLANG_WARN_BOOL_CONVERSION = YES;
				CLANG_WARN_COMMA = YES;
				CLANG_WARN_CONSTANT_CONVERSION = YES;
				CLANG_WARN_DEPRECATED_OBJC_IMPLEMENTATIONS = YES;
				CLANG_WARN_DIRECT_OBJC_ISA_USAGE = YES_ERROR;
				CLANG_WARN_DOCUMENTATION_COMMENTS = YES;
				CLANG_WARN_EMPTY_BODY = YES;
				CLANG_WARN_ENUM_CONVERSION = YES;
				CLANG_WARN_INFINITE_RECURSION = YES;
				CLANG_WARN_INT_CONVERSION = YES;
				CLANG_WARN_NON_LITERAL_NULL_CONVERSION = YES;
				CLANG_WARN_OBJC_IMPLICIT_RETAIN_SELF = YES;
				CLANG_WARN_OBJC_LITERAL_CONVERSION = YES;
				CLANG_WARN_OBJC_ROOT_CLASS = YES_ERROR;
				CLANG_WARN_QUOTED_INCLUDE_IN_FRAMEWORK_HEADER = YES;
				CLANG_WARN_RANGE_LOOP_ANALYSIS = YES;
				CLANG_WARN_STRICT_PROTOTYPES = YES;
				CLANG_WARN_SUSPICIOUS_MOVE = YES;
				CLANG_WARN_UNGUARDED_AVAILABILITY = YES_AGGRESSIVE;
				CLANG_WARN_UNREACHABLE_CODE = YES;
				CLANG_WARN__DUPLICATE_METHOD_MATCH = YES;
				COPY_PHASE_STRIP = NO;
				DEBUG_INFORMATION_FORMAT = dwarf;
				ENABLE_STRICT_OBJC_MSGSEND = YES;
				ENABLE_TESTABILITY = YES;
				ENABLE_USER_SCRIPT_SANDBOXING = YES;
				GCC_C_LANGUAGE_STANDARD = gnu17;
				GCC_DYNAMIC_NO_PIC = NO;
				GCC_NO_COMMON_BLOCKS = YES;
				GCC_OPTIMIZATION_LEVEL = 0;
				GCC_PREPROCESSOR_DEFINITIONS = (
					"DEBUG=1",
					"$(inherited)",
				);
				GCC_WARN_64_TO_32_BIT_CONVERSION = YES;
				GCC_WARN_ABOUT_RETURN_TYPE = YES_ERROR;
				GCC_WARN_UNDECLARED_SELECTOR = YES;
				GCC_WARN_UNINITIALIZED_AUTOS = YES_AGGRESSIVE;
				GCC_WARN_UNUSED_FUNCTION = YES;
				GCC_WARN_UNUSED_VARIABLE = YES;
				IPHONEOS_DEPLOYMENT_TARGET = 17.2;
				LOCALIZATION_PREFERS_STRING_CATALOGS = YES;
				MTL_ENABLE_DEBUG_INFO = INCLUDE_SOURCE;
				MTL_FAST_MATH = YES;
				ONLY_ACTIVE_ARCH = YES;
				SDKROOT = iphoneos;
				SWIFT_ACTIVE_COMPILATION_CONDITIONS = "DEBUG $(inherited)";
				SWIFT_OPTIMIZATION_LEVEL = "-Onone";
			};
			name = Debug;
		};
		931A3C2B2B6452F30029A082 /* Release */ = {
			isa = XCBuildConfiguration;
			buildSettings = {
				ALWAYS_SEARCH_USER_PATHS = NO;
				ASSETCATALOG_COMPILER_GENERATE_SWIFT_ASSET_SYMBOL_EXTENSIONS = YES;
				CLANG_ANALYZER_NONNULL = YES;
				CLANG_ANALYZER_NUMBER_OBJECT_CONVERSION = YES_AGGRESSIVE;
				CLANG_CXX_LANGUAGE_STANDARD = "gnu++20";
				CLANG_ENABLE_MODULES = YES;
				CLANG_ENABLE_OBJC_ARC = YES;
				CLANG_ENABLE_OBJC_WEAK = YES;
				CLANG_WARN_BLOCK_CAPTURE_AUTORELEASING = YES;
				CLANG_WARN_BOOL_CONVERSION = YES;
				CLANG_WARN_COMMA = YES;
				CLANG_WARN_CONSTANT_CONVERSION = YES;
				CLANG_WARN_DEPRECATED_OBJC_IMPLEMENTATIONS = YES;
				CLANG_WARN_DIRECT_OBJC_ISA_USAGE = YES_ERROR;
				CLANG_WARN_DOCUMENTATION_COMMENTS = YES;
				CLANG_WARN_EMPTY_BODY = YES;
				CLANG_WARN_ENUM_CONVERSION = YES;
				CLANG_WARN_INFINITE_RECURSION = YES;
				CLANG_WARN_INT_CONVERSION = YES;
				CLANG_WARN_NON_LITERAL_NULL_CONVERSION = YES;
				CLANG_WARN_OBJC_IMPLICIT_RETAIN_SELF = YES;
				CLANG_WARN_OBJC_LITERAL_CONVERSION = YES;
				CLANG_WARN_OBJC_ROOT_CLASS = YES_ERROR;
				CLANG_WARN_QUOTED_INCLUDE_IN_FRAMEWORK_HEADER = YES;
				CLANG_WARN_RANGE_LOOP_ANALYSIS = YES;
				CLANG_WARN_STRICT_PROTOTYPES = YES;
				CLANG_WARN_SUSPICIOUS_MOVE = YES;
				CLANG_WARN_UNGUARDED_AVAILABILITY = YES_AGGRESSIVE;
				CLANG_WARN_UNREACHABLE_CODE = YES;
				CLANG_WARN__DUPLICATE_METHOD_MATCH = YES;
				COPY_PHASE_STRIP = NO;
				DEBUG_INFORMATION_FORMAT = "dwarf-with-dsym";
				ENABLE_NS_ASSERTIONS = NO;
				ENABLE_STRICT_OBJC_MSGSEND = YES;
				ENABLE_USER_SCRIPT_SANDBOXING = YES;
				GCC_C_LANGUAGE_STANDARD = gnu17;
				GCC_NO_COMMON_BLOCKS = YES;
				GCC_WARN_64_TO_32_BIT_CONVERSION = YES;
				GCC_WARN_ABOUT_RETURN_TYPE = YES_ERROR;
				GCC_WARN_UNDECLARED_SELECTOR = YES;
				GCC_WARN_UNINITIALIZED_AUTOS = YES_AGGRESSIVE;
				GCC_WARN_UNUSED_FUNCTION = YES;
				GCC_WARN_UNUSED_VARIABLE = YES;
				IPHONEOS_DEPLOYMENT_TARGET = 17.2;
				LOCALIZATION_PREFERS_STRING_CATALOGS = YES;
				MTL_ENABLE_DEBUG_INFO = NO;
				MTL_FAST_MATH = YES;
				SDKROOT = iphoneos;
				SWIFT_COMPILATION_MODE = wholemodule;
				VALIDATE_PRODUCT = YES;
			};
			name = Release;
		};
		931A3C2D2B6452F30029A082 /* Debug */ = {
			isa = XCBuildConfiguration;
			buildSettings = {
				ASSETCATALOG_COMPILER_APPICON_NAME = AppIcon;
				ASSETCATALOG_COMPILER_GLOBAL_ACCENT_COLOR_NAME = AccentColor;
				CODE_SIGN_STYLE = Automatic;
				CURRENT_PROJECT_VERSION = 1;
				DEVELOPMENT_TEAM = 56V747V83R;
				ENABLE_PREVIEWS = YES;
				GENERATE_INFOPLIST_FILE = YES;
				INFOPLIST_KEY_CFBundleDisplayName = Sora;
				INFOPLIST_KEY_UIApplicationSceneManifest_Generation = YES;
				INFOPLIST_KEY_UIApplicationSupportsIndirectInputEvents = YES;
				INFOPLIST_KEY_UILaunchScreen_Generation = YES;
				INFOPLIST_KEY_UISupportedInterfaceOrientations_iPad = "UIInterfaceOrientationPortrait UIInterfaceOrientationPortraitUpsideDown UIInterfaceOrientationLandscapeLeft UIInterfaceOrientationLandscapeRight";
				INFOPLIST_KEY_UISupportedInterfaceOrientations_iPhone = "UIInterfaceOrientationPortrait UIInterfaceOrientationLandscapeLeft UIInterfaceOrientationLandscapeRight";
				IPHONEOS_DEPLOYMENT_TARGET = 14;
				LD_RUNPATH_SEARCH_PATHS = (
					"$(inherited)",
					"@executable_path/Frameworks",
				);
				MARKETING_VERSION = 1.0;
				PRODUCT_BUNDLE_IDENTIFIER = net.mercen.SoraExample;
				PRODUCT_NAME = "$(TARGET_NAME)";
				SWIFT_EMIT_LOC_STRINGS = YES;
				SWIFT_VERSION = 5.0;
				TARGETED_DEVICE_FAMILY = "1,2";
			};
			name = Debug;
		};
		931A3C2E2B6452F30029A082 /* Release */ = {
			isa = XCBuildConfiguration;
			buildSettings = {
				ASSETCATALOG_COMPILER_APPICON_NAME = AppIcon;
				ASSETCATALOG_COMPILER_GLOBAL_ACCENT_COLOR_NAME = AccentColor;
				CODE_SIGN_STYLE = Automatic;
				CURRENT_PROJECT_VERSION = 1;
				DEVELOPMENT_TEAM = 56V747V83R;
				ENABLE_PREVIEWS = YES;
				GENERATE_INFOPLIST_FILE = YES;
				INFOPLIST_KEY_CFBundleDisplayName = Sora;
				INFOPLIST_KEY_UIApplicationSceneManifest_Generation = YES;
				INFOPLIST_KEY_UIApplicationSupportsIndirectInputEvents = YES;
				INFOPLIST_KEY_UILaunchScreen_Generation = YES;
				INFOPLIST_KEY_UISupportedInterfaceOrientations_iPad = "UIInterfaceOrientationPortrait UIInterfaceOrientationPortraitUpsideDown UIInterfaceOrientationLandscapeLeft UIInterfaceOrientationLandscapeRight";
				INFOPLIST_KEY_UISupportedInterfaceOrientations_iPhone = "UIInterfaceOrientationPortrait UIInterfaceOrientationLandscapeLeft UIInterfaceOrientationLandscapeRight";
				IPHONEOS_DEPLOYMENT_TARGET = 14;
				LD_RUNPATH_SEARCH_PATHS = (
					"$(inherited)",
					"@executable_path/Frameworks",
				);
				MARKETING_VERSION = 1.0;
				PRODUCT_BUNDLE_IDENTIFIER = net.mercen.SoraExample;
				PRODUCT_NAME = "$(TARGET_NAME)";
				SWIFT_EMIT_LOC_STRINGS = YES;
				SWIFT_VERSION = 5.0;
				TARGETED_DEVICE_FAMILY = "1,2";
			};
			name = Release;
		};
/* End XCBuildConfiguration section */

/* Begin XCConfigurationList section */
		931A3C192B6452F20029A082 /* Build configuration list for PBXProject "SoraExample" */ = {
			isa = XCConfigurationList;
			buildConfigurations = (
				931A3C2A2B6452F30029A082 /* Debug */,
				931A3C2B2B6452F30029A082 /* Release */,
			);
			defaultConfigurationIsVisible = 0;
			defaultConfigurationName = Release;
		};
		931A3C2C2B6452F30029A082 /* Build configuration list for PBXNativeTarget "SoraExample" */ = {
			isa = XCConfigurationList;
			buildConfigurations = (
				931A3C2D2B6452F30029A082 /* Debug */,
				931A3C2E2B6452F30029A082 /* Release */,
			);
			defaultConfigurationIsVisible = 0;
			defaultConfigurationName = Release;
		};
/* End XCConfigurationList section */

/* Begin XCRemoteSwiftPackageReference section */
		931A3C2F2B64534A0029A082 /* XCRemoteSwiftPackageReference "Sora" */ = {
			isa = XCRemoteSwiftPackageReference;
			repositoryURL = "https://github.com/Mercen-Lee/Sora";
			requirement = {
				branch = main;
				kind = branch;
			};
		};
/* End XCRemoteSwiftPackageReference section */

/* Begin XCSwiftPackageProductDependency section */
		931A3C302B64534A0029A082 /* Sora */ = {
			isa = XCSwiftPackageProductDependency;
			package = 931A3C2F2B64534A0029A082 /* XCRemoteSwiftPackageReference "Sora" */;
			productName = Sora;
		};
/* End XCSwiftPackageProductDependency section */
	};
	rootObject = 931A3C162B6452F20029A082 /* Project object */;
}
